
Microsoft Visual Studio Solution File, Format Version 12.00
# Visual Studio Version 16
VisualStudioVersion = 16.0.32002.261
MinimumVisualStudioVersion = 10.0.40219.1
Project("{FAE04EC0-301F-11D3-BF4B-00C04F79EFBC}") = "PaymentAPI", "PaymentAPI\PaymentAPI.csproj", "{29C210B3-F106-4FB1-80D1-8CC154A65C14}"
EndProject
Global
	GlobalSection(SolutionConfigurationPlatforms) = preSolution
		Debug|Any CPU = Debug|Any CPU
		Release|Any CPU = Release|Any CPU
	EndGlobalSection
	GlobalSection(ProjectConfigurationPlatforms) = postSolution
		{29C210B3-F106-4FB1-80D1-8CC154A65C14}.Debug|Any CPU.ActiveCfg = Debug|Any CPU
		{29C210B3-F106-4FB1-80D1-8CC154A65C14}.Debug|Any CPU.Build.0 = Debug|Any CPU
		{29C210B3-F106-4FB1-80D1-8CC154A65C14}.Release|Any CPU.ActiveCfg = Release|Any CPU
		{29C210B3-F106-4FB1-80D1-8CC154A65C14}.Release|Any CPU.Build.0 = Release|Any CPU
	EndGlobalSection
	GlobalSection(SolutionProperties) = preSolution
		HideSolutionNode = FALSE
	EndGlobalSection
	GlobalSection(ExtensibilityGlobals) = postSolution
		SolutionGuid = {3CB2FD4A-4249-49DB-8A74-E8C484911B75}
	EndGlobalSection
EndGlobal
